{
  "object": {
    "pins": [
      {
        "package": "PhoneNumberKit",
        "repositoryURL": "https://github.com/marmelroy/PhoneNumberKit",
        "state": {
          "branch": null,
          "revision": "449c80b4c539cfd439a4efddd4c920bf0368bb1c",
          "version": "3.4.9"
        }
      }
    ]
  },
  "version": 1
}
